PODS:
  - Realm (10.1.4):
    - Realm/Headers (= 10.1.4)
  - Realm/Headers (10.1.4)
  - RealmSwift (10.1.4):
    - Realm (= 10.1.4)

DEPENDENCIES:
  - RealmSwift (= 10.1.4)

SPEC REPOS:
  trunk:
    - Realm
    - RealmSwift

SPEC CHECKSUMS:
  Realm: 80f4fb2971ccb9adc27a47d0955ae8e533a7030b
  RealmSwift: 0e566ca714edb377bba8ea0811eafcea0b93734e

PODFILE CHECKSUM: b4ec73537d196345632d38c6c3c7df3092ae7a9a

COCOAPODS: 1.10.1
